// !$*UTF8*$!
{
	archiveVersion = 1;
	classes = {
	};
	objectVersion = 46;
	objects = {

/* Begin PBXBuildFile section */
		190D6F1E14EC0BE500932786 /* SenTestingKit.framework in Frameworks */ = {isa = PBXBuildFile; fileRef = 190D6F1D14EC0BE500932786 /* SenTestingKit.framework */; };
		190D6F1F14EC0BE500932786 /* Cocoa.framework in Frameworks */ = {isa = PBXBuildFile; fileRef = 190D6EFF14EC0BE400932786 /* Cocoa.framework */; };
		190D6F2714EC0BE500932786 /* InfoPlist.strings in Resources */ = {isa = PBXBuildFile; fileRef = 190D6F2514EC0BE500932786 /* InfoPlist.strings */; };
		190D6F2A14EC0BE500932786 /* riverless_walk_001Tests.m in Sources */ = {isa = PBXBuildFile; fileRef = 190D6F2914EC0BE500932786 /* riverless_walk_001Tests.m */; };
		190D700C14EC1D0800932786 /* riverless-walk-001-info.plist in Resources */ = {isa = PBXBuildFile; fileRef = 190D700B14EC1D0800932786 /* riverless-walk-001-info.plist */; };
		190D703614EC1F1700932786 /* main.cpp in Sources */ = {isa = PBXBuildFile; fileRef = 190D702F14EC1F1600932786 /* main.cpp */; };
		190D703714EC1F1700932786 /* opengles.cpp in Sources */ = {isa = PBXBuildFile; fileRef = 190D703014EC1F1600932786 /* opengles.cpp */; };
		190D703814EC1F1700932786 /* SceneDrawer.cpp in Sources */ = {isa = PBXBuildFile; fileRef = 190D703214EC1F1600932786 /* SceneDrawer.cpp */; };
		19BBAC4914EC6C5D005B801C /* OpenGL.framework in Frameworks */ = {isa = PBXBuildFile; fileRef = 190D700E14EC1DF000932786 /* OpenGL.framework */; };
		19BBAC5F14EDBB7D005B801C /* SamplesConfig.xml in Resources */ = {isa = PBXBuildFile; fileRef = 19BBAC5E14EDBB7D005B801C /* SamplesConfig.xml */; };
		19BBAC6014EDBC08005B801C /* GLUT.framework in Frameworks */ = {isa = PBXBuildFile; fileRef = 190D6FBB14EC17C300932786 /* GLUT.framework */; };
		19BBAC6114EDBC17005B801C /* glut64.lib in Frameworks */ = {isa = PBXBuildFile; fileRef = 19BBAC5A14EDBA63005B801C /* glut64.lib */; };
		19BBAD0B14EDBE01005B801C /* libXnCore.dylib in Frameworks */ = {isa = PBXBuildFile; fileRef = 19BBACFB14EDBE01005B801C /* libXnCore.dylib */; };
		19BBAD0C14EDBE01005B801C /* libXnDDK.dylib in Frameworks */ = {isa = PBXBuildFile; fileRef = 19BBACFC14EDBE01005B801C /* libXnDDK.dylib */; };
		19BBAD0D14EDBE01005B801C /* libXnDeviceFile.dylib in Frameworks */ = {isa = PBXBuildFile; fileRef = 19BBACFD14EDBE01005B801C /* libXnDeviceFile.dylib */; };
		19BBAD0E14EDBE01005B801C /* libXnDeviceSensorV2KM.dylib in Frameworks */ = {isa = PBXBuildFile; fileRef = 19BBACFE14EDBE01005B801C /* libXnDeviceSensorV2KM.dylib */; };
		19BBAD0F14EDBE01005B801C /* libXnFormats.dylib in Frameworks */ = {isa = PBXBuildFile; fileRef = 19BBACFF14EDBE01005B801C /* libXnFormats.dylib */; };
		19BBAD1014EDBE01005B801C /* libXnVCNITE_1_4_1.dylib in Frameworks */ = {isa = PBXBuildFile; fileRef = 19BBAD0014EDBE01005B801C /* libXnVCNITE_1_4_1.dylib */; };
		19BBAD1114EDBE01005B801C /* libXnVFeatures_1_4_1.dylib in Frameworks */ = {isa = PBXBuildFile; fileRef = 19BBAD0114EDBE01005B801C /* libXnVFeatures_1_4_1.dylib */; };
		19BBAD1214EDBE01005B801C /* libXnVHandGenerator_1_4_1.dylib in Frameworks */ = {isa = PBXBuildFile; fileRef = 19BBAD0214EDBE01005B801C /* libXnVHandGenerator_1_4_1.dylib */; };
		19BBAD1314EDBE01005B801C /* libXnVNite_1_4_1.dylib in Frameworks */ = {isa = PBXBuildFile; fileRef = 19BBAD0314EDBE01005B801C /* libXnVNite_1_4_1.dylib */; };
		19BBAD1414EDBE01005B801C /* libXnVNITE.jni.dylib in Frameworks */ = {isa = PBXBuildFile; fileRef = 19BBAD0414EDBE01005B801C /* libXnVNITE.jni.dylib */; };
		19BBAD1514EDBE01005B801C /* libnimCodecs.dylib in Frameworks */ = {isa = PBXBuildFile; fileRef = 19BBAD0514EDBE01005B801C /* libnimCodecs.dylib */; };
		19BBAD1614EDBE02005B801C /* libnimMockNodes.dylib in Frameworks */ = {isa = PBXBuildFile; fileRef = 19BBAD0614EDBE01005B801C /* libnimMockNodes.dylib */; };
		19BBAD1714EDBE02005B801C /* libnimRecorder.dylib in Frameworks */ = {isa = PBXBuildFile; fileRef = 19BBAD0714EDBE01005B801C /* libnimRecorder.dylib */; };
		19BBAD1814EDBE02005B801C /* libOpenNI.dylib in Frameworks */ = {isa = PBXBuildFile; fileRef = 19BBAD0814EDBE01005B801C /* libOpenNI.dylib */; };
		19BBAD1914EDBE02005B801C /* libOpenNI.jni.dylib in Frameworks */ = {isa = PBXBuildFile; fileRef = 19BBAD0914EDBE01005B801C /* libOpenNI.jni.dylib */; };
		19BBAD1A14EDBE02005B801C /* libXnDeviceSensorV2.dylib in Frameworks */ = {isa = PBXBuildFile; fileRef = 19BBAD0A14EDBE01005B801C /* libXnDeviceSensorV2.dylib */; };
		19BBAD2114EDC0FE005B801C /* IOKit.framework in Frameworks */ = {isa = PBXBuildFile; fileRef = 19BBAD2014EDC0FE005B801C /* IOKit.framework */; };
		19BBAD2F14EDC422005B801C /* CoreFoundation.framework in Frameworks */ = {isa = PBXBuildFile; fileRef = 19BBAD2E14EDC422005B801C /* CoreFoundation.framework */; };
/* End PBXBuildFile section */

/* Begin PBXContainerItemProxy section */
		190D6F2014EC0BE500932786 /* PBXContainerItemProxy */ = {
			isa = PBXContainerItemProxy;
			containerPortal = 190D6EF214EC0BE400932786 /* Project object */;
			proxyType = 1;
			remoteGlobalIDString = 190D6EFA14EC0BE400932786;
			remoteInfo = "riverless-walk-001";
		};
/* End PBXContainerItemProxy section */

/* Begin PBXFileReference section */
		190D6EFB14EC0BE400932786 /* riverless-walk-001.app */ = {isa = PBXFileReference; explicitFileType = wrapper.application; includeInIndex = 0; path = "riverless-walk-001.app"; sourceTree = BUILT_PRODUCTS_DIR; };
		190D6EFF14EC0BE400932786 /* Cocoa.framework */ = {isa = PBXFileReference; lastKnownFileType = wrapper.framework; name = Cocoa.framework; path = System/Library/Frameworks/Cocoa.framework; sourceTree = SDKROOT; };
		190D6F0214EC0BE400932786 /* AppKit.framework */ = {isa = PBXFileReference; lastKnownFileType = wrapper.framework; name = AppKit.framework; path = System/Library/Frameworks/AppKit.framework; sourceTree = SDKROOT; };
		190D6F0314EC0BE400932786 /* CoreData.framework */ = {isa = PBXFileReference; lastKnownFileType = wrapper.framework; name = CoreData.framework; path = System/Library/Frameworks/CoreData.framework; sourceTree = SDKROOT; };
		190D6F0414EC0BE400932786 /* Foundation.framework */ = {isa = PBXFileReference; lastKnownFileType = wrapper.framework; name = Foundation.framework; path = System/Library/Frameworks/Foundation.framework; sourceTree = SDKROOT; };
		190D6F1C14EC0BE500932786 /* riverless-walk-001Tests.octest */ = {isa = PBXFileReference; explicitFileType = wrapper.cfbundle; includeInIndex = 0; path = "riverless-walk-001Tests.octest"; sourceTree = BUILT_PRODUCTS_DIR; };
		190D6F1D14EC0BE500932786 /* SenTestingKit.framework */ = {isa = PBXFileReference; lastKnownFileType = wrapper.framework; name = SenTestingKit.framework; path = Library/Frameworks/SenTestingKit.framework; sourceTree = DEVELOPER_DIR; };
		190D6F2414EC0BE500932786 /* riverless-walk-001Tests-Info.plist */ = {isa = PBXFileReference; lastKnownFileType = text.plist.xml; path = "riverless-walk-001Tests-Info.plist"; sourceTree = "<group>"; };
		190D6F2614EC0BE500932786 /* en */ = {isa = PBXFileReference; lastKnownFileType = text.plist.strings; name = en; path = en.lproj/InfoPlist.strings; sourceTree = "<group>"; };
		190D6F2814EC0BE500932786 /* riverless_walk_001Tests.h */ = {isa = PBXFileReference; lastKnownFileType = sourcecode.c.h; path = riverless_walk_001Tests.h; sourceTree = "<group>"; };
		190D6F2914EC0BE500932786 /* riverless_walk_001Tests.m */ = {isa = PBXFileReference; lastKnownFileType = sourcecode.c.objc; path = riverless_walk_001Tests.m; sourceTree = "<group>"; };
		190D6FBB14EC17C300932786 /* GLUT.framework */ = {isa = PBXFileReference; lastKnownFileType = wrapper.framework; name = GLUT.framework; path = System/Library/Frameworks/GLUT.framework; sourceTree = SDKROOT; };
		190D700B14EC1D0800932786 /* riverless-walk-001-info.plist */ = {isa = PBXFileReference; fileEncoding = 4; lastKnownFileType = text.plist.xml; path = "riverless-walk-001-info.plist"; sourceTree = "<group>"; };
		190D700D14EC1D7A00932786 /* riverless-walk-001-Prefix.pch */ = {isa = PBXFileReference; fileEncoding = 4; lastKnownFileType = sourcecode.c.h; path = "riverless-walk-001-Prefix.pch"; sourceTree = "<group>"; };
		190D700E14EC1DF000932786 /* OpenGL.framework */ = {isa = PBXFileReference; lastKnownFileType = wrapper.framework; name = OpenGL.framework; path = System/Library/Frameworks/OpenGL.framework; sourceTree = SDKROOT; };
		190D701214EC1F1600932786 /* gl.h */ = {isa = PBXFileReference; fileEncoding = 4; lastKnownFileType = sourcecode.c.h; path = gl.h; sourceTree = "<group>"; };
		190D701314EC1F1600932786 /* glext.h */ = {isa = PBXFileReference; fileEncoding = 4; lastKnownFileType = sourcecode.c.h; path = glext.h; sourceTree = "<group>"; };
		190D701414EC1F1600932786 /* glut.h */ = {isa = PBXFileReference; fileEncoding = 4; lastKnownFileType = sourcecode.c.h; path = glut.h; sourceTree = "<group>"; };
		190D701514EC1F1600932786 /* wglext.h */ = {isa = PBXFileReference; fileEncoding = 4; lastKnownFileType = sourcecode.c.h; path = wglext.h; sourceTree = "<group>"; };
		190D701714EC1F1600932786 /* egl.h */ = {isa = PBXFileReference; fileEncoding = 4; lastKnownFileType = sourcecode.c.h; path = egl.h; sourceTree = "<group>"; };
		190D701814EC1F1600932786 /* egl_1_0.h */ = {isa = PBXFileReference; fileEncoding = 4; lastKnownFileType = sourcecode.c.h; path = egl_1_0.h; sourceTree = "<group>"; };
		190D701914EC1F1600932786 /* egltypes.h */ = {isa = PBXFileReference; fileEncoding = 4; lastKnownFileType = sourcecode.c.h; path = egltypes.h; sourceTree = "<group>"; };
		190D701A14EC1F1600932786 /* gl.h */ = {isa = PBXFileReference; fileEncoding = 4; lastKnownFileType = sourcecode.c.h; path = gl.h; sourceTree = "<group>"; };
		190D701B14EC1F1600932786 /* gl_1_0.h */ = {isa = PBXFileReference; fileEncoding = 4; lastKnownFileType = sourcecode.c.h; path = gl_1_0.h; sourceTree = "<group>"; };
		190D701D14EC1F1600932786 /* glh_array.h */ = {isa = PBXFileReference; fileEncoding = 4; lastKnownFileType = sourcecode.c.h; path = glh_array.h; sourceTree = "<group>"; };
		190D701E14EC1F1600932786 /* glh_convenience.h */ = {isa = PBXFileReference; fileEncoding = 4; lastKnownFileType = sourcecode.c.h; path = glh_convenience.h; sourceTree = "<group>"; };
		190D701F14EC1F1600932786 /* glh_cube_map.h */ = {isa = PBXFileReference; fileEncoding = 4; lastKnownFileType = sourcecode.c.h; path = glh_cube_map.h; sourceTree = "<group>"; };
		190D702014EC1F1600932786 /* glh_extensions.h */ = {isa = PBXFileReference; fileEncoding = 4; lastKnownFileType = sourcecode.c.h; path = glh_extensions.h; sourceTree = "<group>"; };
		190D702114EC1F1600932786 /* glh_genext.h */ = {isa = PBXFileReference; fileEncoding = 4; lastKnownFileType = sourcecode.c.h; path = glh_genext.h; sourceTree = "<group>"; };
		190D702214EC1F1600932786 /* glh_glut.h */ = {isa = PBXFileReference; fileEncoding = 4; lastKnownFileType = sourcecode.c.h; path = glh_glut.h; sourceTree = "<group>"; };
		190D702314EC1F1600932786 /* glh_glut2.h */ = {isa = PBXFileReference; fileEncoding = 4; lastKnownFileType = sourcecode.c.h; path = glh_glut2.h; sourceTree = "<group>"; };
		190D702414EC1F1600932786 /* glh_glut_callfunc.h */ = {isa = PBXFileReference; fileEncoding = 4; lastKnownFileType = sourcecode.c.h; path = glh_glut_callfunc.h; sourceTree = "<group>"; };
		190D702514EC1F1600932786 /* glh_glut_replay.h */ = {isa = PBXFileReference; fileEncoding = 4; lastKnownFileType = sourcecode.c.h; path = glh_glut_replay.h; sourceTree = "<group>"; };
		190D702614EC1F1600932786 /* glh_glut_text.h */ = {isa = PBXFileReference; fileEncoding = 4; lastKnownFileType = sourcecode.c.h; path = glh_glut_text.h; sourceTree = "<group>"; };
		190D702714EC1F1600932786 /* glh_interactors.h */ = {isa = PBXFileReference; fileEncoding = 4; lastKnownFileType = sourcecode.c.h; path = glh_interactors.h; sourceTree = "<group>"; };
		190D702814EC1F1600932786 /* glh_linear.h */ = {isa = PBXFileReference; fileEncoding = 4; lastKnownFileType = sourcecode.c.h; path = glh_linear.h; sourceTree = "<group>"; };
		190D702914EC1F1600932786 /* glh_mipmaps.h */ = {isa = PBXFileReference; fileEncoding = 4; lastKnownFileType = sourcecode.c.h; path = glh_mipmaps.h; sourceTree = "<group>"; };
		190D702A14EC1F1600932786 /* glh_obs.h */ = {isa = PBXFileReference; fileEncoding = 4; lastKnownFileType = sourcecode.c.h; path = glh_obs.h; sourceTree = "<group>"; };
		190D702B14EC1F1600932786 /* glh_text.h */ = {isa = PBXFileReference; fileEncoding = 4; lastKnownFileType = sourcecode.c.h; path = glh_text.h; sourceTree = "<group>"; };
		190D702F14EC1F1600932786 /* main.cpp */ = {isa = PBXFileReference; fileEncoding = 4; lastKnownFileType = sourcecode.cpp.cpp; path = main.cpp; sourceTree = "<group>"; };
		190D703014EC1F1600932786 /* opengles.cpp */ = {isa = PBXFileReference; fileEncoding = 4; lastKnownFileType = sourcecode.cpp.cpp; path = opengles.cpp; sourceTree = "<group>"; };
		190D703114EC1F1600932786 /* opengles.h */ = {isa = PBXFileReference; fileEncoding = 4; lastKnownFileType = sourcecode.c.h; path = opengles.h; sourceTree = "<group>"; };
		190D703214EC1F1600932786 /* SceneDrawer.cpp */ = {isa = PBXFileReference; fileEncoding = 4; lastKnownFileType = sourcecode.cpp.cpp; path = SceneDrawer.cpp; sourceTree = "<group>"; };
		190D703314EC1F1600932786 /* SceneDrawer.h */ = {isa = PBXFileReference; fileEncoding = 4; lastKnownFileType = sourcecode.c.h; path = SceneDrawer.h; sourceTree = "<group>"; };
		19BBAC5714EDB992005B801C /* SamplesConfig.xml */ = {isa = PBXFileReference; fileEncoding = 4; lastKnownFileType = text.xml; path = SamplesConfig.xml; sourceTree = "<group>"; };
		19BBAC5914EDBA63005B801C /* glut32.lib */ = {isa = PBXFileReference; lastKnownFileType = archive.ar; path = glut32.lib; sourceTree = "<group>"; };
		19BBAC5A14EDBA63005B801C /* glut64.lib */ = {isa = PBXFileReference; lastKnownFileType = archive.ar; path = glut64.lib; sourceTree = "<group>"; };
		19BBAC5E14EDBB7D005B801C /* SamplesConfig.xml */ = {isa = PBXFileReference; fileEncoding = 4; lastKnownFileType = text.xml; path = SamplesConfig.xml; sourceTree = "<group>"; };
		19BBACFB14EDBE01005B801C /* libXnCore.dylib */ = {isa = PBXFileReference; lastKnownFileType = "compiled.mach-o.dylib"; path = libXnCore.dylib; sourceTree = "<group>"; };
		19BBACFC14EDBE01005B801C /* libXnDDK.dylib */ = {isa = PBXFileReference; lastKnownFileType = "compiled.mach-o.dylib"; path = libXnDDK.dylib; sourceTree = "<group>"; };
		19BBACFD14EDBE01005B801C /* libXnDeviceFile.dylib */ = {isa = PBXFileReference; lastKnownFileType = "compiled.mach-o.dylib"; path = libXnDeviceFile.dylib; sourceTree = "<group>"; };
		19BBACFE14EDBE01005B801C /* libXnDeviceSensorV2KM.dylib */ = {isa = PBXFileReference; lastKnownFileType = "compiled.mach-o.dylib"; path = libXnDeviceSensorV2KM.dylib; sourceTree = "<group>"; };
		19BBACFF14EDBE01005B801C /* libXnFormats.dylib */ = {isa = PBXFileReference; lastKnownFileType = "compiled.mach-o.dylib"; path = libXnFormats.dylib; sourceTree = "<group>"; };
		19BBAD0014EDBE01005B801C /* libXnVCNITE_1_4_1.dylib */ = {isa = PBXFileReference; lastKnownFileType = "compiled.mach-o.dylib"; path = libXnVCNITE_1_4_1.dylib; sourceTree = "<group>"; };
		19BBAD0114EDBE01005B801C /* libXnVFeatures_1_4_1.dylib */ = {isa = PBXFileReference; lastKnownFileType = "compiled.mach-o.dylib"; path = libXnVFeatures_1_4_1.dylib; sourceTree = "<group>"; };
		19BBAD0214EDBE01005B801C /* libXnVHandGenerator_1_4_1.dylib */ = {isa = PBXFileReference; lastKnownFileType = "compiled.mach-o.dylib"; path = libXnVHandGenerator_1_4_1.dylib; sourceTree = "<group>"; };
		19BBAD0314EDBE01005B801C /* libXnVNite_1_4_1.dylib */ = {isa = PBXFileReference; lastKnownFileType = "compiled.mach-o.dylib"; path = libXnVNite_1_4_1.dylib; sourceTree = "<group>"; };
		19BBAD0414EDBE01005B801C /* libXnVNITE.jni.dylib */ = {isa = PBXFileReference; lastKnownFileType = "compiled.mach-o.dylib"; path = libXnVNITE.jni.dylib; sourceTree = "<group>"; };
		19BBAD0514EDBE01005B801C /* libnimCodecs.dylib */ = {isa = PBXFileReference; lastKnownFileType = "compiled.mach-o.dylib"; path = libnimCodecs.dylib; sourceTree = "<group>"; };
		19BBAD0614EDBE01005B801C /* libnimMockNodes.dylib */ = {isa = PBXFileReference; lastKnownFileType = "compiled.mach-o.dylib"; path = libnimMockNodes.dylib; sourceTree = "<group>"; };
		19BBAD0714EDBE01005B801C /* libnimRecorder.dylib */ = {isa = PBXFileReference; lastKnownFileType = "compiled.mach-o.dylib"; path = libnimRecorder.dylib; sourceTree = "<group>"; };
		19BBAD0814EDBE01005B801C /* libOpenNI.dylib */ = {isa = PBXFileReference; lastKnownFileType = "compiled.mach-o.dylib"; path = libOpenNI.dylib; sourceTree = "<group>"; };
		19BBAD0914EDBE01005B801C /* libOpenNI.jni.dylib */ = {isa = PBXFileReference; lastKnownFileType = "compiled.mach-o.dylib"; path = libOpenNI.jni.dylib; sourceTree = "<group>"; };
		19BBAD0A14EDBE01005B801C /* libXnDeviceSensorV2.dylib */ = {isa = PBXFileReference; lastKnownFileType = "compiled.mach-o.dylib"; path = libXnDeviceSensorV2.dylib; sourceTree = "<group>"; };
		19BBAD2014EDC0FE005B801C /* IOKit.framework */ = {isa = PBXFileReference; lastKnownFileType = wrapper.framework; name = IOKit.framework; path = System/Library/Frameworks/IOKit.framework; sourceTree = SDKROOT; };
		19BBAD2E14EDC422005B801C /* CoreFoundation.framework */ = {isa = PBXFileReference; lastKnownFileType = wrapper.framework; name = CoreFoundation.framework; path = System/Library/Frameworks/CoreFoundation.framework; sourceTree = SDKROOT; };
/* End PBXFileReference section */

/* Begin PBXFrameworksBuildPhase section */
		190D6EF814EC0BE400932786 /* Frameworks */ = {
			isa = PBXFrameworksBuildPhase;
			buildActionMask = 2147483647;
			files = (
				19BBAD2F14EDC422005B801C /* CoreFoundation.framework in Frameworks */,
				19BBAD2114EDC0FE005B801C /* IOKit.framework in Frameworks */,
				19BBAC6114EDBC17005B801C /* glut64.lib in Frameworks */,
				19BBAC6014EDBC08005B801C /* GLUT.framework in Frameworks */,
				19BBAC4914EC6C5D005B801C /* OpenGL.framework in Frameworks */,
				19BBAD0B14EDBE01005B801C /* libXnCore.dylib in Frameworks */,
				19BBAD0C14EDBE01005B801C /* libXnDDK.dylib in Frameworks */,
				19BBAD0D14EDBE01005B801C /* libXnDeviceFile.dylib in Frameworks */,
				19BBAD0E14EDBE01005B801C /* libXnDeviceSensorV2KM.dylib in Frameworks */,
				19BBAD0F14EDBE01005B801C /* libXnFormats.dylib in Frameworks */,
				19BBAD1014EDBE01005B801C /* libXnVCNITE_1_4_1.dylib in Frameworks */,
				19BBAD1114EDBE01005B801C /* libXnVFeatures_1_4_1.dylib in Frameworks */,
				19BBAD1214EDBE01005B801C /* libXnVHandGenerator_1_4_1.dylib in Frameworks */,
				19BBAD1314EDBE01005B801C /* libXnVNite_1_4_1.dylib in Frameworks */,
				19BBAD1414EDBE01005B801C /* libXnVNITE.jni.dylib in Frameworks */,
				19BBAD1514EDBE01005B801C /* libnimCodecs.dylib in Frameworks */,
				19BBAD1614EDBE02005B801C /* libnimMockNodes.dylib in Frameworks */,
				19BBAD1714EDBE02005B801C /* libnimRecorder.dylib in Frameworks */,
				19BBAD1814EDBE02005B801C /* libOpenNI.dylib in Frameworks */,
				19BBAD1914EDBE02005B801C /* libOpenNI.jni.dylib in Frameworks */,
				19BBAD1A14EDBE02005B801C /* libXnDeviceSensorV2.dylib in Frameworks */,
			);
			runOnlyForDeploymentPostprocessing = 0;
		};
		190D6F1814EC0BE500932786 /* Frameworks */ = {
			isa = PBXFrameworksBuildPhase;
			buildActionMask = 2147483647;
			files = (
				190D6F1E14EC0BE500932786 /* SenTestingKit.framework in Frameworks */,
				190D6F1F14EC0BE500932786 /* Cocoa.framework in Frameworks */,
			);
			runOnlyForDeploymentPostprocessing = 0;
		};
/* End PBXFrameworksBuildPhase section */

/* Begin PBXGroup section */
		190D6EF014EC0BE400932786 = {
			isa = PBXGroup;
			children = (
				19BBAD2E14EDC422005B801C /* CoreFoundation.framework */,
				19BBAD2014EDC0FE005B801C /* IOKit.framework */,
				19BBAC5D14EDBB7D005B801C /* Config */,
				190D700E14EC1DF000932786 /* OpenGL.framework */,
				190D6FBB14EC17C300932786 /* GLUT.framework */,
				190D6F0514EC0BE400932786 /* riverless-walk-001 */,
				190D6F2214EC0BE500932786 /* riverless-walk-001Tests */,
				190D6EFE14EC0BE400932786 /* Frameworks */,
				190D6EFC14EC0BE400932786 /* Products */,
			);
			sourceTree = "<group>";
		};
		190D6EFC14EC0BE400932786 /* Products */ = {
			isa = PBXGroup;
			children = (
				190D6EFB14EC0BE400932786 /* riverless-walk-001.app */,
				190D6F1C14EC0BE500932786 /* riverless-walk-001Tests.octest */,
			);
			name = Products;
			sourceTree = "<group>";
		};
		190D6EFE14EC0BE400932786 /* Frameworks */ = {
			isa = PBXGroup;
			children = (
				190D6EFF14EC0BE400932786 /* Cocoa.framework */,
				190D6F1D14EC0BE500932786 /* SenTestingKit.framework */,
				190D6F0114EC0BE400932786 /* Other Frameworks */,
			);
			name = Frameworks;
			sourceTree = "<group>";
		};
		190D6F0114EC0BE400932786 /* Other Frameworks */ = {
			isa = PBXGroup;
			children = (
				190D6F0214EC0BE400932786 /* AppKit.framework */,
				190D6F0314EC0BE400932786 /* CoreData.framework */,
				190D6F0414EC0BE400932786 /* Foundation.framework */,
			);
			name = "Other Frameworks";
			sourceTree = "<group>";
		};
		190D6F0514EC0BE400932786 /* riverless-walk-001 */ = {
			isa = PBXGroup;
			children = (
				19BBACFB14EDBE01005B801C /* libXnCore.dylib */,
				19BBACFC14EDBE01005B801C /* libXnDDK.dylib */,
				19BBACFD14EDBE01005B801C /* libXnDeviceFile.dylib */,
				19BBACFE14EDBE01005B801C /* libXnDeviceSensorV2KM.dylib */,
				19BBACFF14EDBE01005B801C /* libXnFormats.dylib */,
				19BBAD0014EDBE01005B801C /* libXnVCNITE_1_4_1.dylib */,
				19BBAD0114EDBE01005B801C /* libXnVFeatures_1_4_1.dylib */,
				19BBAD0214EDBE01005B801C /* libXnVHandGenerator_1_4_1.dylib */,
				19BBAD0314EDBE01005B801C /* libXnVNite_1_4_1.dylib */,
				19BBAD0414EDBE01005B801C /* libXnVNITE.jni.dylib */,
				19BBAD0514EDBE01005B801C /* libnimCodecs.dylib */,
				19BBAD0614EDBE01005B801C /* libnimMockNodes.dylib */,
				19BBAD0714EDBE01005B801C /* libnimRecorder.dylib */,
				19BBAD0814EDBE01005B801C /* libOpenNI.dylib */,
				19BBAD0914EDBE01005B801C /* libOpenNI.jni.dylib */,
				19BBAD0A14EDBE01005B801C /* libXnDeviceSensorV2.dylib */,
				190D701114EC1F1600932786 /* GL */,
				190D701614EC1F1600932786 /* GLES */,
				190D701C14EC1F1600932786 /* glh */,
				190D702C14EC1F1600932786 /* Libs */,
				190D702F14EC1F1600932786 /* main.cpp */,
				190D703014EC1F1600932786 /* opengles.cpp */,
				190D703114EC1F1600932786 /* opengles.h */,
				190D703214EC1F1600932786 /* SceneDrawer.cpp */,
				190D703314EC1F1600932786 /* SceneDrawer.h */,
				190D700D14EC1D7A00932786 /* riverless-walk-001-Prefix.pch */,
				190D700B14EC1D0800932786 /* riverless-walk-001-info.plist */,
				19BBAC5714EDB992005B801C /* SamplesConfig.xml */,
			);
			path = "riverless-walk-001";
			sourceTree = "<group>";
		};
		190D6F2214EC0BE500932786 /* riverless-walk-001Tests */ = {
			isa = PBXGroup;
			children = (
				190D6F2814EC0BE500932786 /* riverless_walk_001Tests.h */,
				190D6F2914EC0BE500932786 /* riverless_walk_001Tests.m */,
				190D6F2314EC0BE500932786 /* Supporting Files */,
			);
			path = "riverless-walk-001Tests";
			sourceTree = "<group>";
		};
		190D6F2314EC0BE500932786 /* Supporting Files */ = {
			isa = PBXGroup;
			children = (
				190D6F2414EC0BE500932786 /* riverless-walk-001Tests-Info.plist */,
				190D6F2514EC0BE500932786 /* InfoPlist.strings */,
			);
			name = "Supporting Files";
			sourceTree = "<group>";
		};
		190D701114EC1F1600932786 /* GL */ = {
			isa = PBXGroup;
			children = (
				190D701214EC1F1600932786 /* gl.h */,
				190D701314EC1F1600932786 /* glext.h */,
				190D701414EC1F1600932786 /* glut.h */,
				190D701514EC1F1600932786 /* wglext.h */,
			);
			path = GL;
			sourceTree = "<group>";
		};
		190D701614EC1F1600932786 /* GLES */ = {
			isa = PBXGroup;
			children = (
				190D701714EC1F1600932786 /* egl.h */,
				190D701814EC1F1600932786 /* egl_1_0.h */,
				190D701914EC1F1600932786 /* egltypes.h */,
				190D701A14EC1F1600932786 /* gl.h */,
				190D701B14EC1F1600932786 /* gl_1_0.h */,
			);
			path = GLES;
			sourceTree = "<group>";
		};
		190D701C14EC1F1600932786 /* glh */ = {
			isa = PBXGroup;
			children = (
				190D701D14EC1F1600932786 /* glh_array.h */,
				190D701E14EC1F1600932786 /* glh_convenience.h */,
				190D701F14EC1F1600932786 /* glh_cube_map.h */,
				190D702014EC1F1600932786 /* glh_extensions.h */,
				190D702114EC1F1600932786 /* glh_genext.h */,
				190D702214EC1F1600932786 /* glh_glut.h */,
				190D702314EC1F1600932786 /* glh_glut2.h */,
				190D702414EC1F1600932786 /* glh_glut_callfunc.h */,
				190D702514EC1F1600932786 /* glh_glut_replay.h */,
				190D702614EC1F1600932786 /* glh_glut_text.h */,
				190D702714EC1F1600932786 /* glh_interactors.h */,
				190D702814EC1F1600932786 /* glh_linear.h */,
				190D702914EC1F1600932786 /* glh_mipmaps.h */,
				190D702A14EC1F1600932786 /* glh_obs.h */,
				190D702B14EC1F1600932786 /* glh_text.h */,
			);
			path = glh;
			sourceTree = "<group>";
		};
		190D702C14EC1F1600932786 /* Libs */ = {
			isa = PBXGroup;
			children = (
				19BBAC5914EDBA63005B801C /* glut32.lib */,
				19BBAC5A14EDBA63005B801C /* glut64.lib */,
			);
			path = Libs;
			sourceTree = "<group>";
		};
		19BBAC5D14EDBB7D005B801C /* Config */ = {
			isa = PBXGroup;
			children = (
				19BBAC5E14EDBB7D005B801C /* SamplesConfig.xml */,
			);
			path = Config;
			sourceTree = "<group>";
		};
/* End PBXGroup section */

/* Begin PBXNativeTarget section */
		190D6EFA14EC0BE400932786 /* riverless-walk-001 */ = {
			isa = PBXNativeTarget;
			buildConfigurationList = 190D6F2D14EC0BE500932786 /* Build configuration list for PBXNativeTarget "riverless-walk-001" */;
			buildPhases = (
				190D6EF914EC0BE400932786 /* Resources */,
				190D6EF714EC0BE400932786 /* Sources */,
				190D6EF814EC0BE400932786 /* Frameworks */,
			);
			buildRules = (
			);
			dependencies = (
			);
			name = "riverless-walk-001";
			productName = "riverless-walk-001";
			productReference = 190D6EFB14EC0BE400932786 /* riverless-walk-001.app */;
			productType = "com.apple.product-type.application";
		};
		190D6F1B14EC0BE500932786 /* riverless-walk-001Tests */ = {
			isa = PBXNativeTarget;
			buildConfigurationList = 190D6F3014EC0BE500932786 /* Build configuration list for PBXNativeTarget "riverless-walk-001Tests" */;
			buildPhases = (
				190D6F1714EC0BE500932786 /* Sources */,
				190D6F1814EC0BE500932786 /* Frameworks */,
				190D6F1914EC0BE500932786 /* Resources */,
				190D6F1A14EC0BE500932786 /* ShellScript */,
			);
			buildRules = (
			);
			dependencies = (
				190D6F2114EC0BE500932786 /* PBXTargetDependency */,
			);
			name = "riverless-walk-001Tests";
			productName = "riverless-walk-001Tests";
			productReference = 190D6F1C14EC0BE500932786 /* riverless-walk-001Tests.octest */;
			productType = "com.apple.product-type.bundle";
		};
/* End PBXNativeTarget section */

/* Begin PBXProject section */
		190D6EF214EC0BE400932786 /* Project object */ = {
			isa = PBXProject;
			attributes = {
				LastUpgradeCheck = 0420;
				ORGANIZATIONNAME = "Digital Art";
			};
			buildConfigurationList = 190D6EF514EC0BE400932786 /* Build configuration list for PBXProject "riverless-walk-001" */;
			compatibilityVersion = "Xcode 3.2";
			developmentRegion = English;
			hasScannedForEncodings = 0;
			knownRegions = (
				en,
			);
			mainGroup = 190D6EF014EC0BE400932786;
			productRefGroup = 190D6EFC14EC0BE400932786 /* Products */;
			projectDirPath = "";
			projectRoot = "";
			targets = (
				190D6EFA14EC0BE400932786 /* riverless-walk-001 */,
				190D6F1B14EC0BE500932786 /* riverless-walk-001Tests */,
			);
		};
/* End PBXProject section */

/* Begin PBXResourcesBuildPhase section */
		190D6EF914EC0BE400932786 /* Resources */ = {
			isa = PBXResourcesBuildPhase;
			buildActionMask = 2147483647;
			files = (
				190D700C14EC1D0800932786 /* riverless-walk-001-info.plist in Resources */,
				19BBAC5F14EDBB7D005B801C /* SamplesConfig.xml in Resources */,
			);
			runOnlyForDeploymentPostprocessing = 0;
		};
		190D6F1914EC0BE500932786 /* Resources */ = {
			isa = PBXResourcesBuildPhase;
			buildActionMask = 2147483647;
			files = (
				190D6F2714EC0BE500932786 /* InfoPlist.strings in Resources */,
			);
			runOnlyForDeploymentPostprocessing = 0;
		};
/* End PBXResourcesBuildPhase section */

/* Begin PBXShellScriptBuildPhase section */
		190D6F1A14EC0BE500932786 /* ShellScript */ = {
			isa = PBXShellScriptBuildPhase;
			buildActionMask = 2147483647;
			files = (
			);
			inputPaths = (
			);
			outputPaths = (
			);
			runOnlyForDeploymentPostprocessing = 0;
			shellPath = /bin/sh;
			shellScript = "# Run the unit tests in this test bundle.\n\"${SYSTEM_DEVELOPER_DIR}/Tools/RunUnitTests\"\n";
		};
/* End PBXShellScriptBuildPhase section */

/* Begin PBXSourcesBuildPhase section */
		190D6EF714EC0BE400932786 /* Sources */ = {
			isa = PBXSourcesBuildPhase;
			buildActionMask = 2147483647;
			files = (
				190D703614EC1F1700932786 /* main.cpp in Sources */,
				190D703714EC1F1700932786 /* opengles.cpp in Sources */,
				190D703814EC1F1700932786 /* SceneDrawer.cpp in Sources */,
			);
			runOnlyForDeploymentPostprocessing = 0;
		};
		190D6F1714EC0BE500932786 /* Sources */ = {
			isa = PBXSourcesBuildPhase;
			buildActionMask = 2147483647;
			files = (
				190D6F2A14EC0BE500932786 /* riverless_walk_001Tests.m in Sources */,
			);
			runOnlyForDeploymentPostprocessing = 0;
		};
/* End PBXSourcesBuildPhase section */

/* Begin PBXTargetDependency section */
		190D6F2114EC0BE500932786 /* PBXTargetDependency */ = {
			isa = PBXTargetDependency;
			target = 190D6EFA14EC0BE400932786 /* riverless-walk-001 */;
			targetProxy = 190D6F2014EC0BE500932786 /* PBXContainerItemProxy */;
		};
/* End PBXTargetDependency section */

/* Begin PBXVariantGroup section */
		190D6F2514EC0BE500932786 /* InfoPlist.strings */ = {
			isa = PBXVariantGroup;
			children = (
				190D6F2614EC0BE500932786 /* en */,
			);
			name = InfoPlist.strings;
			sourceTree = "<group>";
		};
/* End PBXVariantGroup section */

/* Begin XCBuildConfiguration section */
		190D6F2B14EC0BE500932786 /* Debug */ = {
			isa = XCBuildConfiguration;
			buildSettings = {
				ALWAYS_SEARCH_USER_PATHS = NO;
				ARCHS = "$(ARCHS_STANDARD_64_BIT)";
				CLANG_CXX_LIBRARY = "libstdc++";
				CLANG_ENABLE_OBJC_ARC = YES;
				COPY_PHASE_STRIP = NO;
				GCC_C_LANGUAGE_STANDARD = gnu99;
				GCC_DYNAMIC_NO_PIC = NO;
				GCC_ENABLE_OBJC_EXCEPTIONS = YES;
				GCC_OPTIMIZATION_LEVEL = 0;
				GCC_PREPROCESSOR_DEFINITIONS = (
					"DEBUG=1",
					"$(inherited)",
				);
				GCC_SYMBOLS_PRIVATE_EXTERN = NO;
				GCC_VERSION = com.apple.compilers.llvmgcc42;
				GCC_WARN_64_TO_32_BIT_CONVERSION = NO;
				GCC_WARN_ABOUT_MISSING_PROTOTYPES = YES;
				GCC_WARN_ABOUT_RETURN_TYPE = YES;
				GCC_WARN_UNUSED_VARIABLE = YES;
				"HEADER_SEARCH_PATHS[arch=*]" = (
					"/usr/include/nite/**",
					"/usr/include/ni/**",
				);
				MACOSX_DEPLOYMENT_TARGET = "";
				ONLY_ACTIVE_ARCH = NO;
				SDKROOT = "";
				USER_HEADER_SEARCH_PATHS = "/usr/include/nite/** /usr/include/ni/**";
				VALID_ARCHS = x86_64;
			};
			name = Debug;
		};
		190D6F2C14EC0BE500932786 /* Release */ = {
			isa = XCBuildConfiguration;
			buildSettings = {
				ALWAYS_SEARCH_USER_PATHS = NO;
				ARCHS = "$(ARCHS_STANDARD_64_BIT)";
				CLANG_CXX_LIBRARY = "libstdc++";
				CLANG_ENABLE_OBJC_ARC = YES;
				COPY_PHASE_STRIP = YES;
				DEBUG_INFORMATION_FORMAT = "dwarf-with-dsym";
				GCC_C_LANGUAGE_STANDARD = gnu99;
				GCC_ENABLE_OBJC_EXCEPTIONS = YES;
				GCC_VERSION = com.apple.compilers.llvmgcc42;
				GCC_WARN_64_TO_32_BIT_CONVERSION = NO;
				GCC_WARN_ABOUT_MISSING_PROTOTYPES = YES;
				GCC_WARN_ABOUT_RETURN_TYPE = YES;
				GCC_WARN_UNUSED_VARIABLE = YES;
				"HEADER_SEARCH_PATHS[arch=x86_64]" = (
					"/usr/include/nite/**",
					"/usr/include/ni/**",
				);
				MACOSX_DEPLOYMENT_TARGET = "";
				ONLY_ACTIVE_ARCH = NO;
				SDKROOT = "";
				USER_HEADER_SEARCH_PATHS = "/usr/include/nite/** /usr/include/ni/**";
				VALID_ARCHS = x86_64;
			};
			name = Release;
		};
		190D6F2E14EC0BE500932786 /* Debug */ = {
			isa = XCBuildConfiguration;
			buildSettings = {
				ALWAYS_SEARCH_USER_PATHS = YES;
				ARCHS = "$(ARCHS_STANDARD_64_BIT)";
				GCC_C_LANGUAGE_STANDARD = gnu99;
				GCC_PRECOMPILE_PREFIX_HEADER = YES;
				GCC_PREFIX_HEADER = "riverless-walk-001/riverless-walk-001-Prefix.pch";
				GCC_VERSION = com.apple.compilers.llvm.clang.1_0;
				"HEADER_SEARCH_PATHS[arch=*]" = "";
				"HEADER_SEARCH_PATHS[arch=x86_64]" = (
					"/usr/include/nite/**",
					"/usr/include/ni/**",
				);
				INFOPLIST_FILE = "riverless-walk-001/riverless-walk-001-Info.plist";
				LIBRARY_SEARCH_PATHS = (
					/usr/lib,
					"$(inherited)",
					"\"$(SRCROOT)\"",
					"\"$(SRCROOT)/Libs\"/**",
					"\"$(SRCROOT)/riverless-walk-001/Libs\"/**",
					"\"$(DEVELOPER_DIR)/usr/SensorKinect/Platform/Linux/Redist/Sensor-Bin-MacOSX-v5.1.0.25/Lib\"/**",
					"\"$(DEVELOPER_DIR)/usr/PrimeSense-Sensor/Platform/Linux/Redist/Sensor-Bin-MacOSX-v5.1.0.41/Lib\"/**",
					"\"$(SRCROOT)/riverless-walk-001/Libs\"/**",
					"\"$(SRCROOT)/riverless-walk-001/Libs\"",
					"\"$(SRCROOT)/riverless-walk-001\"",
				);
				LINK_WITH_STANDARD_LIBRARIES = YES;
				MACOSX_DEPLOYMENT_TARGET = 10.6;
				ONLY_ACTIVE_ARCH = NO;
				OTHER_LDFLAGS = (
					/usr/lib/libnimCodecs.dylib,
					/usr/lib/libnimMockNodes.dylib,
					/usr/lib/libnimRecorder.dylib,
					/usr/lib/libOpenNI.dylib,
					/usr/lib/libXnVFeatures_1_4_1.dylib,
					/usr/lib/libXnVHandGenerator_1_4_1.dylib,
				);
				PRODUCT_NAME = "$(TARGET_NAME)";
				SDKROOT = macosx10.7;
				STRIP_INSTALLED_PRODUCT = NO;
				USER_HEADER_SEARCH_PATHS = "/usr/include/nite/** /usr/include/ni/**";
				WRAPPER_EXTENSION = app;
			};
			name = Debug;
		};
		190D6F2F14EC0BE500932786 /* Release */ = {
			isa = XCBuildConfiguration;
			buildSettings = {
				ALWAYS_SEARCH_USER_PATHS = YES;
				ARCHS = "$(ARCHS_STANDARD_64_BIT)";
				GCC_C_LANGUAGE_STANDARD = gnu99;
				GCC_PRECOMPILE_PREFIX_HEADER = YES;
				GCC_PREFIX_HEADER = "riverless-walk-001/riverless-walk-001-Prefix.pch";
				GCC_VERSION = com.apple.compilers.llvm.clang.1_0;
				"HEADER_SEARCH_PATHS[arch=x86_64]" = (
					"/usr/include/nite/**",
					"/usr/include/ni/**",
				);
				INFOPLIST_FILE = "riverless-walk-001/riverless-walk-001-Info.plist";
				LIBRARY_SEARCH_PATHS = (
					"$(inherited)",
					"\"$(SRCROOT)\"",
					"\"$(SRCROOT)/Libs\"",
					"\"$(SRCROOT)/riverless-walk-001/Libs\"",
					"\"$(DEVELOPER_DIR)/usr/SensorKinect/Platform/Linux/Redist/Sensor-Bin-MacOSX-v5.1.0.25/Lib\"",
					"\"$(DEVELOPER_DIR)/usr/PrimeSense-Sensor/Platform/Linux/Redist/Sensor-Bin-MacOSX-v5.1.0.41/Lib\"",
					"\"$(DEVELOPER_DIR)/usr/nite/Bin\"",
					"\"$(SRCROOT)/riverless-walk-001\"",
				);
				LINK_WITH_STANDARD_LIBRARIES = YES;
				MACOSX_DEPLOYMENT_TARGET = 10.6;
				ONLY_ACTIVE_ARCH = NO;
				OTHER_LDFLAGS = (
					/usr/lib/libnimCodecs.dylib,
					/usr/lib/libnimMockNodes.dylib,
					/usr/lib/libnimRecorder.dylib,
					/usr/lib/libOpenNI.dylib,
					/usr/lib/libXnVFeatures_1_4_1.dylib,
					/usr/lib/libXnVHandGenerator_1_4_1.dylib,
				);
				PRODUCT_NAME = "$(TARGET_NAME)";
				SDKROOT = macosx10.7;
				STRIP_INSTALLED_PRODUCT = NO;
				USER_HEADER_SEARCH_PATHS = "/usr/include/nite/** /usr/include/ni/**";
				WRAPPER_EXTENSION = app;
			};
			name = Release;
		};
		190D6F3114EC0BE500932786 /* Debug */ = {
			isa = XCBuildConfiguration;
			buildSettings = {
				BUNDLE_LOADER = "$(BUILT_PRODUCTS_DIR)/riverless-walk-001.app/Contents/MacOS/riverless-walk-001";
				FRAMEWORK_SEARCH_PATHS = "$(DEVELOPER_LIBRARY_DIR)/Frameworks";
				GCC_PRECOMPILE_PREFIX_HEADER = YES;
				GCC_PREFIX_HEADER = "riverless-walk-001/riverless-walk-001-Prefix.pch";
				"HEADER_SEARCH_PATHS[arch=*]" = /usr/include/ni;
				INFOPLIST_FILE = "riverless-walk-001Tests/riverless-walk-001Tests-Info.plist";
				PRODUCT_NAME = "$(TARGET_NAME)";
				TEST_HOST = "$(BUNDLE_LOADER)";
				WRAPPER_EXTENSION = octest;
			};
			name = Debug;
		};
		190D6F3214EC0BE500932786 /* Release */ = {
			isa = XCBuildConfiguration;
			buildSettings = {
				BUNDLE_LOADER = "$(BUILT_PRODUCTS_DIR)/riverless-walk-001.app/Contents/MacOS/riverless-walk-001";
				FRAMEWORK_SEARCH_PATHS = "$(DEVELOPER_LIBRARY_DIR)/Frameworks";
				GCC_PRECOMPILE_PREFIX_HEADER = YES;
				GCC_PREFIX_HEADER = "riverless-walk-001/riverless-walk-001-Prefix.pch";
				"HEADER_SEARCH_PATHS[arch=*]" = /usr/include/ni;
				INFOPLIST_FILE = "riverless-walk-001Tests/riverless-walk-001Tests-Info.plist";
				PRODUCT_NAME = "$(TARGET_NAME)";
				TEST_HOST = "$(BUNDLE_LOADER)";
				WRAPPER_EXTENSION = octest;
			};
			name = Release;
		};
/* End XCBuildConfiguration section */

/* Begin XCConfigurationList section */
		190D6EF514EC0BE400932786 /* Build configuration list for PBXProject "riverless-walk-001" */ = {
			isa = XCConfigurationList;
			buildConfigurations = (
				190D6F2B14EC0BE500932786 /* Debug */,
				190D6F2C14EC0BE500932786 /* Release */,
			);
			defaultConfigurationIsVisible = 0;
			defaultConfigurationName = Release;
		};
		190D6F2D14EC0BE500932786 /* Build configuration list for PBXNativeTarget "riverless-walk-001" */ = {
			isa = XCConfigurationList;
			buildConfigurations = (
				190D6F2E14EC0BE500932786 /* Debug */,
				190D6F2F14EC0BE500932786 /* Release */,
			);
			defaultConfigurationIsVisible = 0;
			defaultConfigurationName = Release;
		};
		190D6F3014EC0BE500932786 /* Build configuration list for PBXNativeTarget "riverless-walk-001Tests" */ = {
			isa = XCConfigurationList;
			buildConfigurations = (
				190D6F3114EC0BE500932786 /* Debug */,
				190D6F3214EC0BE500932786 /* Release */,
			);
			defaultConfigurationIsVisible = 0;
			defaultConfigurationName = Release;
		};
/* End XCConfigurationList section */
	};
	rootObject = 190D6EF214EC0BE400932786 /* Project object */;
}
